
Microsoft Visual Studio Solution File, Format Version 12.00
# Visual Studio Version 16
VisualStudioVersion = 16.0.29926.136
MinimumVisualStudioVersion = 10.0.40219.1
Project("{FAE04EC0-301F-11D3-BF4B-00C04F79EFBC}") = "LearnHttpClient", "LearnHttpClient.csproj", "{9CF9CFA7-0C9F-4D3D-B6FB-55693B977AAB}"
EndProject
Global
	GlobalSection(SolutionConfigurationPlatforms) = preSolution
		Debug|Any CPU = Debug|Any CPU
		Release|Any CPU = Release|Any CPU
	EndGlobalSection
	GlobalSection(ProjectConfigurationPlatforms) = postSolution
		{9CF9CFA7-0C9F-4D3D-B6FB-55693B977AAB}.Debug|Any CPU.ActiveCfg = Debug|Any CPU
		{9CF9CFA7-0C9F-4D3D-B6FB-55693B977AAB}.Debug|Any CPU.Build.0 = Debug|Any CPU
		{9CF9CFA7-0C9F-4D3D-B6FB-55693B977AAB}.Release|Any CPU.ActiveCfg = Release|Any CPU
		{9CF9CFA7-0C9F-4D3D-B6FB-55693B977AAB}.Release|Any CPU.Build.0 = Release|Any CPU
	EndGlobalSection
	GlobalSection(SolutionProperties) = preSolution
		HideSolutionNode = FALSE
	EndGlobalSection
	GlobalSection(ExtensibilityGlobals) = postSolution
		SolutionGuid = {CA93C495-4C1D-4CF9-AFF8-9CD9EFA3C591}
	EndGlobalSection
EndGlobal
